
Microsoft Visual Studio Solution File, Format Version 12.00
# Visual Studio Version 16
VisualStudioVersion = 16.0.29409.12
MinimumVisualStudioVersion = 10.0.40219.1
Project("{9A19103F-16F7-4668-BE54-9A1E7A4F7556}") = "BW.Demo.Functions.Conversionator", "BW.Demo.Functions.Conversionator\BW.Demo.Functions.Conversionator.csproj", "{328358B5-EE3C-4E3C-97F8-3E252FD79C2F}"
EndProject
Project("{9A19103F-16F7-4668-BE54-9A1E7A4F7556}") = "BW.DemoFunctions.Conversionator.Tests", "BW.DemoFunctions.Conversionator.Tests\BW.DemoFunctions.Conversionator.Tests.csproj", "{EB369E7D-50A8-4B7C-8862-AE4EA916CA86}"
EndProject
Global
	GlobalSection(SolutionConfigurationPlatforms) = preSolution
		Debug|Any CPU = Debug|Any CPU
		Release|Any CPU = Release|Any CPU
	EndGlobalSection
	GlobalSection(ProjectConfigurationPlatforms) = postSolution
		{328358B5-EE3C-4E3C-97F8-3E252FD79C2F}.Debug|Any CPU.ActiveCfg = Debug|Any CPU
		{328358B5-EE3C-4E3C-97F8-3E252FD79C2F}.Debug|Any CPU.Build.0 = Debug|Any CPU
		{328358B5-EE3C-4E3C-97F8-3E252FD79C2F}.Release|Any CPU.ActiveCfg = Release|Any CPU
		{328358B5-EE3C-4E3C-97F8-3E252FD79C2F}.Release|Any CPU.Build.0 = Release|Any CPU
		{EB369E7D-50A8-4B7C-8862-AE4EA916CA86}.Debug|Any CPU.ActiveCfg = Debug|Any CPU
		{EB369E7D-50A8-4B7C-8862-AE4EA916CA86}.Debug|Any CPU.Build.0 = Debug|Any CPU
		{EB369E7D-50A8-4B7C-8862-AE4EA916CA86}.Release|Any CPU.ActiveCfg = Release|Any CPU
		{EB369E7D-50A8-4B7C-8862-AE4EA916CA86}.Release|Any CPU.Build.0 = Release|Any CPU
	EndGlobalSection
	GlobalSection(SolutionProperties) = preSolution
		HideSolutionNode = FALSE
	EndGlobalSection
	GlobalSection(ExtensibilityGlobals) = postSolution
		SolutionGuid = {981E0626-7652-478C-BDD0-6EF9F3B7D69B}
	EndGlobalSection
EndGlobal
